// !$*UTF8*$!
{
	archiveVersion = 1;
	classes = {
	};
	objectVersion = 56;
	objects = {

/* Begin PBXBuildFile section */
		04DA09E52A0BC93200DED8C7 /* WaveState.swift in Sources */ = {isa = PBXBuildFile; fileRef = 04DA09E42A0BC93200DED8C7 /* WaveState.swift */; };
		04DA09E72A0BC97B00DED8C7 /* FlashAnimationState.swift in Sources */ = {isa = PBXBuildFile; fileRef = 04DA09E62A0BC97B00DED8C7 /* FlashAnimationState.swift */; };
		04DA09E92A0BC9B700DED8C7 /* FirstAnimationState.swift in Sources */ = {isa = PBXBuildFile; fileRef = 04DA09E82A0BC9B700DED8C7 /* FirstAnimationState.swift */; };
		04DA09EB2A0BC9D400DED8C7 /* SecondAnimationState.swift in Sources */ = {isa = PBXBuildFile; fileRef = 04DA09EA2A0BC9D400DED8C7 /* SecondAnimationState.swift */; };
		04DA09EF2A0BD29300DED8C7 /* PathFactory.swift in Sources */ = {isa = PBXBuildFile; fileRef = 04DA09EE2A0BD29300DED8C7 /* PathFactory.swift */; };
		04F0B4952A03AD6A00BA9158 /* AppDelegate.swift in Sources */ = {isa = PBXBuildFile; fileRef = 04F0B4942A03AD6A00BA9158 /* AppDelegate.swift */; };
		04F0B4972A03AD6A00BA9158 /* SceneDelegate.swift in Sources */ = {isa = PBXBuildFile; fileRef = 04F0B4962A03AD6A00BA9158 /* SceneDelegate.swift */; };
		04F0B4992A03AD6A00BA9158 /* ViewController.swift in Sources */ = {isa = PBXBuildFile; fileRef = 04F0B4982A03AD6A00BA9158 /* ViewController.swift */; };
		04F0B49C2A03AD6A00BA9158 /* Main.storyboard in Resources */ = {isa = PBXBuildFile; fileRef = 04F0B49A2A03AD6A00BA9158 /* Main.storyboard */; };
		04F0B49E2A03AD6D00BA9158 /* Assets.xcassets in Resources */ = {isa = PBXBuildFile; fileRef = 04F0B49D2A03AD6D00BA9158 /* Assets.xcassets */; };
		04F0B4A12A03AD6D00BA9158 /* LaunchScreen.storyboard in Resources */ = {isa = PBXBuildFile; fileRef = 04F0B49F2A03AD6D00BA9158 /* LaunchScreen.storyboard */; };
		04F0B4A92A03AE5200BA9158 /* CustomPath.swift in Sources */ = {isa = PBXBuildFile; fileRef = 04F0B4A82A03AE5200BA9158 /* CustomPath.swift */; };
/* End PBXBuildFile section */

/* Begin PBXFileReference section */
		04DA09E42A0BC93200DED8C7 /* WaveState.swift */ = {isa = PBXFileReference; lastKnownFileType = sourcecode.swift; path = WaveState.swift; sourceTree = "<group>"; };
		04DA09E62A0BC97B00DED8C7 /* FlashAnimationState.swift */ = {isa = PBXFileReference; lastKnownFileType = sourcecode.swift; path = FlashAnimationState.swift; sourceTree = "<group>"; };
		04DA09E82A0BC9B700DED8C7 /* FirstAnimationState.swift */ = {isa = PBXFileReference; lastKnownFileType = sourcecode.swift; path = FirstAnimationState.swift; sourceTree = "<group>"; };
		04DA09EA2A0BC9D400DED8C7 /* SecondAnimationState.swift */ = {isa = PBXFileReference; lastKnownFileType = sourcecode.swift; path = SecondAnimationState.swift; sourceTree = "<group>"; };
		04DA09EE2A0BD29300DED8C7 /* PathFactory.swift */ = {isa = PBXFileReference; lastKnownFileType = sourcecode.swift; path = PathFactory.swift; sourceTree = "<group>"; };
		04F0B4912A03AD6A00BA9158 /* CustomPathAnimation.app */ = {isa = PBXFileReference; explicitFileType = wrapper.application; includeInIndex = 0; path = CustomPathAnimation.app; sourceTree = BUILT_PRODUCTS_DIR; };
		04F0B4942A03AD6A00BA9158 /* AppDelegate.swift */ = {isa = PBXFileReference; lastKnownFileType = sourcecode.swift; path = AppDelegate.swift; sourceTree = "<group>"; };
		04F0B4962A03AD6A00BA9158 /* SceneDelegate.swift */ = {isa = PBXFileReference; lastKnownFileType = sourcecode.swift; path = SceneDelegate.swift; sourceTree = "<group>"; };
		04F0B4982A03AD6A00BA9158 /* ViewController.swift */ = {isa = PBXFileReference; lastKnownFileType = sourcecode.swift; path = ViewController.swift; sourceTree = "<group>"; };
		04F0B49B2A03AD6A00BA9158 /* Base */ = {isa = PBXFileReference; lastKnownFileType = file.storyboard; name = Base; path = Base.lproj/Main.storyboard; sourceTree = "<group>"; };
		04F0B49D2A03AD6D00BA9158 /* Assets.xcassets */ = {isa = PBXFileReference; lastKnownFileType = folder.assetcatalog; path = Assets.xcassets; sourceTree = "<group>"; };
		04F0B4A02A03AD6D00BA9158 /* Base */ = {isa = PBXFileReference; lastKnownFileType = file.storyboard; name = Base; path = Base.lproj/LaunchScreen.storyboard; sourceTree = "<group>"; };
		04F0B4A22A03AD6D00BA9158 /* Info.plist */ = {isa = PBXFileReference; lastKnownFileType = text.plist.xml; path = Info.plist; sourceTree = "<group>"; };
		04F0B4A82A03AE5200BA9158 /* CustomPath.swift */ = {isa = PBXFileReference; lastKnownFileType = sourcecode.swift; path = CustomPath.swift; sourceTree = "<group>"; };
/* End PBXFileReference section */

/* Begin PBXFrameworksBuildPhase section */
		04F0B48E2A03AD6A00BA9158 /* Frameworks */ = {
			isa = PBXFrameworksBuildPhase;
			buildActionMask = 2147483647;
			files = (
			);
			runOnlyForDeploymentPostprocessing = 0;
		};
/* End PBXFrameworksBuildPhase section */

/* Begin PBXGroup section */
		04DA09E32A0BC90C00DED8C7 /* WaveStateMashine */ = {
			isa = PBXGroup;
			children = (
				04DA09E42A0BC93200DED8C7 /* WaveState.swift */,
				04DA09E62A0BC97B00DED8C7 /* FlashAnimationState.swift */,
				04DA09E82A0BC9B700DED8C7 /* FirstAnimationState.swift */,
				04DA09EA2A0BC9D400DED8C7 /* SecondAnimationState.swift */,
			);
			path = WaveStateMashine;
			sourceTree = "<group>";
		};
		04F0B4882A03AD6A00BA9158 = {
			isa = PBXGroup;
			children = (
				04F0B4932A03AD6A00BA9158 /* CustomPathAnimation */,
				04F0B4922A03AD6A00BA9158 /* Products */,
			);
			sourceTree = "<group>";
		};
		04F0B4922A03AD6A00BA9158 /* Products */ = {
			isa = PBXGroup;
			children = (
				04F0B4912A03AD6A00BA9158 /* CustomPathAnimation.app */,
			);
			name = Products;
			sourceTree = "<group>";
		};
		04F0B4932A03AD6A00BA9158 /* CustomPathAnimation */ = {
			isa = PBXGroup;
			children = (
				04F0B4AA2A03B03200BA9158 /* CustomPath */,
				04F0B4942A03AD6A00BA9158 /* AppDelegate.swift */,
				04F0B4962A03AD6A00BA9158 /* SceneDelegate.swift */,
				04F0B4982A03AD6A00BA9158 /* ViewController.swift */,
				04F0B49A2A03AD6A00BA9158 /* Main.storyboard */,
				04F0B49D2A03AD6D00BA9158 /* Assets.xcassets */,
				04F0B49F2A03AD6D00BA9158 /* LaunchScreen.storyboard */,
				04F0B4A22A03AD6D00BA9158 /* Info.plist */,
			);
			path = CustomPathAnimation;
			sourceTree = "<group>";
		};
		04F0B4AA2A03B03200BA9158 /* CustomPath */ = {
			isa = PBXGroup;
			children = (
				04DA09E32A0BC90C00DED8C7 /* WaveStateMashine */,
				04F0B4A82A03AE5200BA9158 /* CustomPath.swift */,
				04DA09EE2A0BD29300DED8C7 /* PathFactory.swift */,
			);
			path = CustomPath;
			sourceTree = "<group>";
		};
/* End PBXGroup section */

/* Begin PBXNativeTarget section */
		04F0B4902A03AD6A00BA9158 /* CustomPathAnimation */ = {
			isa = PBXNativeTarget;
			buildConfigurationList = 04F0B4A52A03AD6D00BA9158 /* Build configuration list for PBXNativeTarget "CustomPathAnimation" */;
			buildPhases = (
				04F0B48D2A03AD6A00BA9158 /* Sources */,
				04F0B48E2A03AD6A00BA9158 /* Frameworks */,
				04F0B48F2A03AD6A00BA9158 /* Resources */,
			);
			buildRules = (
			);
			dependencies = (
			);
			name = CustomPathAnimation;
			productName = CustomPathAnimation;
			productReference = 04F0B4912A03AD6A00BA9158 /* CustomPathAnimation.app */;
			productType = "com.apple.product-type.application";
		};
/* End PBXNativeTarget section */

/* Begin PBXProject section */
		04F0B4892A03AD6A00BA9158 /* Project object */ = {
			isa = PBXProject;
			attributes = {
				BuildIndependentTargetsInParallel = 1;
				LastSwiftUpdateCheck = 1430;
				LastUpgradeCheck = 1430;
				TargetAttributes = {
					04F0B4902A03AD6A00BA9158 = {
						CreatedOnToolsVersion = 14.3;
					};
				};
			};
			buildConfigurationList = 04F0B48C2A03AD6A00BA9158 /* Build configuration list for PBXProject "CustomPathAnimation" */;
			compatibilityVersion = "Xcode 14.0";
			developmentRegion = en;
			hasScannedForEncodings = 0;
			knownRegions = (
				en,
				Base,
			);
			mainGroup = 04F0B4882A03AD6A00BA9158;
			productRefGroup = 04F0B4922A03AD6A00BA9158 /* Products */;
			projectDirPath = "";
			projectRoot = "";
			targets = (
				04F0B4902A03AD6A00BA9158 /* CustomPathAnimation */,
			);
		};
/* End PBXProject section */

/* Begin PBXResourcesBuildPhase section */
		04F0B48F2A03AD6A00BA9158 /* Resources */ = {
			isa = PBXResourcesBuildPhase;
			buildActionMask = 2147483647;
			files = (
				04F0B4A12A03AD6D00BA9158 /* LaunchScreen.storyboard in Resources */,
				04F0B49E2A03AD6D00BA9158 /* Assets.xcassets in Resources */,
				04F0B49C2A03AD6A00BA9158 /* Main.storyboard in Resources */,
			);
			runOnlyForDeploymentPostprocessing = 0;
		};
/* End PBXResourcesBuildPhase section */

/* Begin PBXSourcesBuildPhase section */
		04F0B48D2A03AD6A00BA9158 /* Sources */ = {
			isa = PBXSourcesBuildPhase;
			buildActionMask = 2147483647;
			files = (
				04F0B4992A03AD6A00BA9158 /* ViewController.swift in Sources */,
				04DA09E72A0BC97B00DED8C7 /* FlashAnimationState.swift in Sources */,
				04DA09EB2A0BC9D400DED8C7 /* SecondAnimationState.swift in Sources */,
				04DA09EF2A0BD29300DED8C7 /* PathFactory.swift in Sources */,
				04F0B4952A03AD6A00BA9158 /* AppDelegate.swift in Sources */,
				04DA09E52A0BC93200DED8C7 /* WaveState.swift in Sources */,
				04DA09E92A0BC9B700DED8C7 /* FirstAnimationState.swift in Sources */,
				04F0B4972A03AD6A00BA9158 /* SceneDelegate.swift in Sources */,
				04F0B4A92A03AE5200BA9158 /* CustomPath.swift in Sources */,
			);
			runOnlyForDeploymentPostprocessing = 0;
		};
/* End PBXSourcesBuildPhase section */

/* Begin PBXVariantGroup section */
		04F0B49A2A03AD6A00BA9158 /* Main.storyboard */ = {
			isa = PBXVariantGroup;
			children = (
				04F0B49B2A03AD6A00BA9158 /* Base */,
			);
			name = Main.storyboard;
			sourceTree = "<group>";
		};
		04F0B49F2A03AD6D00BA9158 /* LaunchScreen.storyboard */ = {
			isa = PBXVariantGroup;
			children = (
				04F0B4A02A03AD6D00BA9158 /* Base */,
			);
			name = LaunchScreen.storyboard;
			sourceTree = "<group>";
		};
/* End PBXVariantGroup section */

/* Begin XCBuildConfiguration section */
		04F0B4A32A03AD6D00BA9158 /* Debug */ = {
			isa = XCBuildConfiguration;
			buildSettings = {
				ALWAYS_SEARCH_USER_PATHS = NO;
				CLANG_ANALYZER_NONNULL = YES;
				CLANG_ANALYZER_NUMBER_OBJECT_CONVERSION = YES_AGGRESSIVE;
				CLANG_CXX_LANGUAGE_STANDARD = "gnu++20";
				CLANG_ENABLE_MODULES = YES;
				CLANG_ENABLE_OBJC_ARC = YES;
				CLANG_ENABLE_OBJC_WEAK = YES;
				CLANG_WARN_BLOCK_CAPTURE_AUTORELEASING = YES;
				CLANG_WARN_BOOL_CONVERSION = YES;
				CLANG_WARN_COMMA = YES;
				CLANG_WARN_CONSTANT_CONVERSION = YES;
				CLANG_WARN_DEPRECATED_OBJC_IMPLEMENTATIONS = YES;
				CLANG_WARN_DIRECT_OBJC_ISA_USAGE = YES_ERROR;
				CLANG_WARN_DOCUMENTATION_COMMENTS = YES;
				CLANG_WARN_EMPTY_BODY = YES;
				CLANG_WARN_ENUM_CONVERSION = YES;
				CLANG_WARN_INFINITE_RECURSION = YES;
				CLANG_WARN_INT_CONVERSION = YES;
				CLANG_WARN_NON_LITERAL_NULL_CONVERSION = YES;
				CLANG_WARN_OBJC_IMPLICIT_RETAIN_SELF = YES;
				CLANG_WARN_OBJC_LITERAL_CONVERSION = YES;
				CLANG_WARN_OBJC_ROOT_CLASS = YES_ERROR;
				CLANG_WARN_QUOTED_INCLUDE_IN_FRAMEWORK_HEADER = YES;
				CLANG_WARN_RANGE_LOOP_ANALYSIS = YES;
				CLANG_WARN_STRICT_PROTOTYPES = YES;
				CLANG_WARN_SUSPICIOUS_MOVE = YES;
				CLANG_WARN_UNGUARDED_AVAILABILITY = YES_AGGRESSIVE;
				CLANG_WARN_UNREACHABLE_CODE = YES;
				CLANG_WARN__DUPLICATE_METHOD_MATCH = YES;
				COPY_PHASE_STRIP = NO;
				DEBUG_INFORMATION_FORMAT = dwarf;
				ENABLE_STRICT_OBJC_MSGSEND = YES;
				ENABLE_TESTABILITY = YES;
				GCC_C_LANGUAGE_STANDARD = gnu11;
				GCC_DYNAMIC_NO_PIC = NO;
				GCC_NO_COMMON_BLOCKS = YES;
				GCC_OPTIMIZATION_LEVEL = 0;
				GCC_PREPROCESSOR_DEFINITIONS = (
					"DEBUG=1",
					"$(inherited)",
				);
				GCC_WARN_64_TO_32_BIT_CONVERSION = YES;
				GCC_WARN_ABOUT_RETURN_TYPE = YES_ERROR;
				GCC_WARN_UNDECLARED_SELECTOR = YES;
				GCC_WARN_UNINITIALIZED_AUTOS = YES_AGGRESSIVE;
				GCC_WARN_UNUSED_FUNCTION = YES;
				GCC_WARN_UNUSED_VARIABLE = YES;
				IPHONEOS_DEPLOYMENT_TARGET = 16.4;
				MTL_ENABLE_DEBUG_INFO = INCLUDE_SOURCE;
				MTL_FAST_MATH = YES;
				ONLY_ACTIVE_ARCH = YES;
				SDKROOT = iphoneos;
				SWIFT_ACTIVE_COMPILATION_CONDITIONS = DEBUG;
				SWIFT_OPTIMIZATION_LEVEL = "-Onone";
			};
			name = Debug;
		};
		04F0B4A42A03AD6D00BA9158 /* Release */ = {
			isa = XCBuildConfiguration;
			buildSettings = {
				ALWAYS_SEARCH_USER_PATHS = NO;
				CLANG_ANALYZER_NONNULL = YES;
				CLANG_ANALYZER_NUMBER_OBJECT_CONVERSION = YES_AGGRESSIVE;
				CLANG_CXX_LANGUAGE_STANDARD = "gnu++20";
				CLANG_ENABLE_MODULES = YES;
				CLANG_ENABLE_OBJC_ARC = YES;
				CLANG_ENABLE_OBJC_WEAK = YES;
				CLANG_WARN_BLOCK_CAPTURE_AUTORELEASING = YES;
				CLANG_WARN_BOOL_CONVERSION = YES;
				CLANG_WARN_COMMA = YES;
				CLANG_WARN_CONSTANT_CONVERSION = YES;
				CLANG_WARN_DEPRECATED_OBJC_IMPLEMENTATIONS = YES;
				CLANG_WARN_DIRECT_OBJC_ISA_USAGE = YES_ERROR;
				CLANG_WARN_DOCUMENTATION_COMMENTS = YES;
				CLANG_WARN_EMPTY_BODY = YES;
				CLANG_WARN_ENUM_CONVERSION = YES;
				CLANG_WARN_INFINITE_RECURSION = YES;
				CLANG_WARN_INT_CONVERSION = YES;
				CLANG_WARN_NON_LITERAL_NULL_CONVERSION = YES;
				CLANG_WARN_OBJC_IMPLICIT_RETAIN_SELF = YES;
				CLANG_WARN_OBJC_LITERAL_CONVERSION = YES;
				CLANG_WARN_OBJC_ROOT_CLASS = YES_ERROR;
				CLANG_WARN_QUOTED_INCLUDE_IN_FRAMEWORK_HEADER = YES;
				CLANG_WARN_RANGE_LOOP_ANALYSIS = YES;
				CLANG_WARN_STRICT_PROTOTYPES = YES;
				CLANG_WARN_SUSPICIOUS_MOVE = YES;
				CLANG_WARN_UNGUARDED_AVAILABILITY = YES_AGGRESSIVE;
				CLANG_WARN_UNREACHABLE_CODE = YES;
				CLANG_WARN__DUPLICATE_METHOD_MATCH = YES;
				COPY_PHASE_STRIP = NO;
				DEBUG_INFORMATION_FORMAT = "dwarf-with-dsym";
				ENABLE_NS_ASSERTIONS = NO;
				ENABLE_STRICT_OBJC_MSGSEND = YES;
				GCC_C_LANGUAGE_STANDARD = gnu11;
				GCC_NO_COMMON_BLOCKS = YES;
				GCC_WARN_64_TO_32_BIT_CONVERSION = YES;
				GCC_WARN_ABOUT_RETURN_TYPE = YES_ERROR;
				GCC_WARN_UNDECLARED_SELECTOR = YES;
				GCC_WARN_UNINITIALIZED_AUTOS = YES_AGGRESSIVE;
				GCC_WARN_UNUSED_FUNCTION = YES;
				GCC_WARN_UNUSED_VARIABLE = YES;
				IPHONEOS_DEPLOYMENT_TARGET = 16.4;
				MTL_ENABLE_DEBUG_INFO = NO;
				MTL_FAST_MATH = YES;
				SDKROOT = iphoneos;
				SWIFT_COMPILATION_MODE = wholemodule;
				SWIFT_OPTIMIZATION_LEVEL = "-O";
				VALIDATE_PRODUCT = YES;
			};
			name = Release;
		};
		04F0B4A62A03AD6D00BA9158 /* Debug */ = {
			isa = XCBuildConfiguration;
			buildSettings = {
				ASSETCATALOG_COMPILER_APPICON_NAME = AppIcon;
				ASSETCATALOG_COMPILER_GLOBAL_ACCENT_COLOR_NAME = AccentColor;
				CODE_SIGN_STYLE = Automatic;
				CURRENT_PROJECT_VERSION = 1;
				DEVELOPMENT_TEAM = FV5ZFZF83W;
				GENERATE_INFOPLIST_FILE = YES;
				INFOPLIST_FILE = CustomPathAnimation/Info.plist;
				INFOPLIST_KEY_UIApplicationSupportsIndirectInputEvents = YES;
				INFOPLIST_KEY_UILaunchStoryboardName = LaunchScreen;
				INFOPLIST_KEY_UIMainStoryboardFile = Main;
				INFOPLIST_KEY_UISupportedInterfaceOrientations_iPad = "UIInterfaceOrientationPortrait UIInterfaceOrientationPortraitUpsideDown UIInterfaceOrientationLandscapeLeft UIInterfaceOrientationLandscapeRight";
				INFOPLIST_KEY_UISupportedInterfaceOrientations_iPhone = "UIInterfaceOrientationPortrait UIInterfaceOrientationLandscapeLeft UIInterfaceOrientationLandscapeRight";
				LD_RUNPATH_SEARCH_PATHS = (
					"$(inherited)",
					"@executable_path/Frameworks",
				);
				MARKETING_VERSION = 1.0;
				PRODUCT_BUNDLE_IDENTIFIER = Tokalenko.CustomPathAnimation;
				PRODUCT_NAME = "$(TARGET_NAME)";
				SWIFT_EMIT_LOC_STRINGS = YES;
				SWIFT_VERSION = 5.0;
				TARGETED_DEVICE_FAMILY = "1,2";
			};
			name = Debug;
		};
		04F0B4A72A03AD6D00BA9158 /* Release */ = {
			isa = XCBuildConfiguration;
			buildSettings = {
				ASSETCATALOG_COMPILER_APPICON_NAME = AppIcon;
				ASSETCATALOG_COMPILER_GLOBAL_ACCENT_COLOR_NAME = AccentColor;
				CODE_SIGN_STYLE = Automatic;
				CURRENT_PROJECT_VERSION = 1;
				DEVELOPMENT_TEAM = FV5ZFZF83W;
				GENERATE_INFOPLIST_FILE = YES;
				INFOPLIST_FILE = CustomPathAnimation/Info.plist;
				INFOPLIST_KEY_UIApplicationSupportsIndirectInputEvents = YES;
				INFOPLIST_KEY_UILaunchStoryboardName = LaunchScreen;
				INFOPLIST_KEY_UIMainStoryboardFile = Main;
				INFOPLIST_KEY_UISupportedInterfaceOrientations_iPad = "UIInterfaceOrientationPortrait UIInterfaceOrientationPortraitUpsideDown UIInterfaceOrientationLandscapeLeft UIInterfaceOrientationLandscapeRight";
				INFOPLIST_KEY_UISupportedInterfaceOrientations_iPhone = "UIInterfaceOrientationPortrait UIInterfaceOrientationLandscapeLeft UIInterfaceOrientationLandscapeRight";
				LD_RUNPATH_SEARCH_PATHS = (
					"$(inherited)",
					"@executable_path/Frameworks",
				);
				MARKETING_VERSION = 1.0;
				PRODUCT_BUNDLE_IDENTIFIER = Tokalenko.CustomPathAnimation;
				PRODUCT_NAME = "$(TARGET_NAME)";
				SWIFT_EMIT_LOC_STRINGS = YES;
				SWIFT_VERSION = 5.0;
				TARGETED_DEVICE_FAMILY = "1,2";
			};
			name = Release;
		};
/* End XCBuildConfiguration section */

/* Begin XCConfigurationList section */
		04F0B48C2A03AD6A00BA9158 /* Build configuration list for PBXProject "CustomPathAnimation" */ = {
			isa = XCConfigurationList;
			buildConfigurations = (
				04F0B4A32A03AD6D00BA9158 /* Debug */,
				04F0B4A42A03AD6D00BA9158 /* Release */,
			);
			defaultConfigurationIsVisible = 0;
			defaultConfigurationName = Release;
		};
		04F0B4A52A03AD6D00BA9158 /* Build configuration list for PBXNativeTarget "CustomPathAnimation" */ = {
			isa = XCConfigurationList;
			buildConfigurations = (
				04F0B4A62A03AD6D00BA9158 /* Debug */,
				04F0B4A72A03AD6D00BA9158 /* Release */,
			);
			defaultConfigurationIsVisible = 0;
			defaultConfigurationName = Release;
		};
/* End XCConfigurationList section */
	};
	rootObject = 04F0B4892A03AD6A00BA9158 /* Project object */;
}
